
Microsoft Visual Studio Solution File, Format Version 12.00
# Visual Studio Version 17
VisualStudioVersion = 17.10.34916.146
MinimumVisualStudioVersion = 10.0.40219.1
Project("{8BC9CEB8-8B4A-11D0-8D11-00A0C91BC942}") = "joker_c", "joker_c\joker_c.vcxproj", "{3BEE4F70-7924-4CC5-BE43-AF846FCF40D9}"
EndProject
Global
	GlobalSection(SolutionConfigurationPlatforms) = preSolution
		Debug|x64 = Debug|x64
		Debug|x86 = Debug|x86
		Release|x64 = Release|x64
		Release|x86 = Release|x86
	EndGlobalSection
	GlobalSection(ProjectConfigurationPlatforms) = postSolution
		{3BEE4F70-7924-4CC5-BE43-AF846FCF40D9}.Debug|x64.ActiveCfg = Debug|x64
		{3BEE4F70-7924-4CC5-BE43-AF846FCF40D9}.Debug|x64.Build.0 = Debug|x64
		{3BEE4F70-7924-4CC5-BE43-AF846FCF40D9}.Debug|x86.ActiveCfg = Debug|Win32
		{3BEE4F70-7924-4CC5-BE43-AF846FCF40D9}.Debug|x86.Build.0 = Debug|Win32
		{3BEE4F70-7924-4CC5-BE43-AF846FCF40D9}.Release|x64.ActiveCfg = Release|x64
		{3BEE4F70-7924-4CC5-BE43-AF846FCF40D9}.Release|x64.Build.0 = Release|x64
		{3BEE4F70-7924-4CC5-BE43-AF846FCF40D9}.Release|x86.ActiveCfg = Release|Win32
		{3BEE4F70-7924-4CC5-BE43-AF846FCF40D9}.Release|x86.Build.0 = Release|Win32
	EndGlobalSection
	GlobalSection(SolutionProperties) = preSolution
		HideSolutionNode = FALSE
	EndGlobalSection
	GlobalSection(ExtensibilityGlobals) = postSolution
		SolutionGuid = {2A918091-535A-4AF5-A6B1-4409AD98C26B}
	EndGlobalSection
EndGlobal
